
Microsoft Visual Studio Solution File, Format Version 12.00
# Visual Studio 15
VisualStudioVersion = 15.0.27004.2010
MinimumVisualStudioVersion = 10.0.40219.1
Project("{FAE04EC0-301F-11D3-BF4B-00C04F79EFBC}") = "TODOList", "TODOList\TODOList.csproj", "{FFAB3A3C-7FD5-4E63-9136-F0416AF0F89A}"
EndProject
Global
	GlobalSection(SolutionConfigurationPlatforms) = preSolution
		Debug|Any CPU = Debug|Any CPU
		Release|Any CPU = Release|Any CPU
	EndGlobalSection
	GlobalSection(ProjectConfigurationPlatforms) = postSolution
		{FFAB3A3C-7FD5-4E63-9136-F0416AF0F89A}.Debug|Any CPU.ActiveCfg = Debug|Any CPU
		{FFAB3A3C-7FD5-4E63-9136-F0416AF0F89A}.Debug|Any CPU.Build.0 = Debug|Any CPU
		{FFAB3A3C-7FD5-4E63-9136-F0416AF0F89A}.Release|Any CPU.ActiveCfg = Release|Any CPU
		{FFAB3A3C-7FD5-4E63-9136-F0416AF0F89A}.Release|Any CPU.Build.0 = Release|Any CPU
	EndGlobalSection
	GlobalSection(SolutionProperties) = preSolution
		HideSolutionNode = FALSE
	EndGlobalSection
	GlobalSection(ExtensibilityGlobals) = postSolution
		SolutionGuid = {E3C39EF6-7D54-4194-A74F-68FEE4654967}
	EndGlobalSection
EndGlobal
